{
  "version": 4,
  "terraform_version": "1.4.2",
  "serial": 1,
  "lineage": "11c38598-0e59-4eb3-e8ef-5f4eeb43e94b",
  "outputs": {
    "aws_eks_cluster_tfer--dev_id": {
      "value": "dev",
      "type": "string"
    },
    "aws_eks_node_group_tfer--dev_node_id": {
      "value": "dev:dev_node",
      "type": "string"
    }
  },
  "resources": [
    {
      "mode": "managed",
      "type": "aws_eks_cluster",
      "name": "tfer--dev",
      "provider": "provider[\"registry.terraform.io/-/aws\"]",
      "instances": [
        {
          "schema_version": 0,
          "attributes_flat": {
            "arn": "arn:aws:eks:ap-south-1:775422423362:cluster/dev",
            "certificate_authority.#": "1",
            "certificate_authority.0.data": "LS0tLS1CRUdJTiBDRVJUSUZJQ0FURS0tLS0tCk1JSURCVENDQWUyZ0F3SUJBZ0lJVWpSQkhjQkV0RUF3RFFZSktvWklodmNOQVFFTEJRQXdGVEVUTUJFR0ExVUUKQXhNS2EzVmlaWEp1WlhSbGN6QWVGdzB5TkRBek1UQXhNRFV5TWpaYUZ3MHpOREF6TURneE1EVTNNalphTUJVeApFekFSQmdOVkJBTVRDbXQxWW1WeWJtVjBaWE13Z2dFaU1BMEdDU3FHU0liM0RRRUJBUVVBQTRJQkR3QXdnZ0VLCkFvSUJBUUN5aVNLazJuS3BFYTd5dWIxa25RQXVMWDJuREk1VWJ1K2tIQ0lMNEtPV2pGdGxQNHVXSFpScDM3VVIKR3hzY1lVUjRkNzBXUng3aGxFbWxhM0JWUWhpWDg1YkVSbmlYYjhmekVlQ3cya29hVjhQQnhOYWdrc0MyakE2UQpoSkZKazd3ZG80VlQwaDB2NmoxLzJSUEhDa2pkYUhqY2NnYjFFY3FOekg4WVcxME82aHVxaGVBZlAwUVVvZzRlCm1NZnZTUkgySElGdE42Z1llVUVqZmY4Q3pHQmI2YXM0SVBVbFI5RSsvSkpBRWFkQ09uTlhqNjZxd2tXNHo4dVQKU2lRUll5bEViVzZBZ1FORFRMaUVwSmY5WHFLNDRIQy9xZWZOc0cvS0hiU2FGVTZXMldENGNpMzhVWVdYNXQvUwp2M1Q4bjRFam9SQ1Z1MExmYlFPSURjS25wYU81QWdNQkFBR2pXVEJYTUE0R0ExVWREd0VCL3dRRUF3SUNwREFQCkJnTlZIUk1CQWY4RUJUQURBUUgvTUIwR0ExVWREZ1FXQkJUYm51aW0yRGc4T3UyUTAvdVlONDh5NElHNWlEQVYKQmdOVkhSRUVEakFNZ2dwcmRXSmxjbTVsZEdWek1BMEdDU3FHU0liM0RRRUJDd1VBQTRJQkFRQ0draERVdUNtMgo5bk1JeTNRQk9LSkZWRFVINmloQWN3R1VMMGdGcFRiOG5yUTBwVlowNG1NcGNUWXkySDBlMTJjZ2dYK3dMR0pGCmFUN1JndS9CUzNHdjRoa1VCKzFMemxjNWZmVGtoeVFucDBXVkF2QzJkem53N3lBK1FzRXQ0NUhNK3Urc3dvN1gKdC8vUkVGMWRaNzlPZ0dxd1E3bURuR0xuODNySkt6MHloa2tSQ1lHeEt0b1YwZFZ5TXd6a2JJL2Q4Q3I4eERSVApuVlNBTVVRb1BudThxelF4WFI0bGJCeU9ZUFVLK0tVRzhNQTAwN1RLQUJ3N21JSXZNcU9hUVo1RmlVUDZIVUtYClYray9IbnVVZys2TFB6Z1BrRXArM2krU0RsOHhDYmNhbTF3R29qS1E2SDBhZUQvcTBLRjVJQU40Q2lHMWgwS0YKSnVBZVdUd0J2enQwCi0tLS0tRU5EIENFUlRJRklDQVRFLS0tLS0K",
            "created_at": "2024-03-10 10:53:35.3 +0000 UTC",
            "enabled_cluster_log_types.#": "0",
            "encryption_config.#": "0",
            "endpoint": "https://8A0AF0818FFE990F1FC8D926D4055F14.gr7.ap-south-1.eks.amazonaws.com",
            "id": "dev",
            "identity.#": "1",
            "identity.0.oidc.#": "1",
            "identity.0.oidc.0.issuer": "https://oidc.eks.ap-south-1.amazonaws.com/id/8A0AF0818FFE990F1FC8D926D4055F14",
            "kubernetes_network_config.#": "1",
            "kubernetes_network_config.0.ip_family": "ipv4",
            "kubernetes_network_config.0.service_ipv4_cidr": "10.100.0.0/16",
            "name": "dev",
            "platform_version": "eks.13",
            "role_arn": "arn:aws:iam::775422423362:role/EKSClusterRole",
            "status": "ACTIVE",
            "tags.%": "2",
            "tags.Used_By": "All",
            "tags.Used_by": "Sharath Holla",
            "tags_all.%": "2",
            "tags_all.Used_By": "All",
            "tags_all.Used_by": "Sharath Holla",
            "version": "1.27",
            "vpc_config.#": "1",
            "vpc_config.0.cluster_security_group_id": "sg-0252bed3ecc5c18fb",
            "vpc_config.0.endpoint_private_access": "true",
            "vpc_config.0.endpoint_public_access": "true",
            "vpc_config.0.public_access_cidrs.#": "1",
            "vpc_config.0.public_access_cidrs.0": "0.0.0.0/0",
            "vpc_config.0.security_group_ids.#": "0",
            "vpc_config.0.subnet_ids.#": "3",
            "vpc_config.0.subnet_ids.0": "subnet-03c47f7010c4fe732",
            "vpc_config.0.subnet_ids.1": "subnet-05b921d732bb43f0b",
            "vpc_config.0.subnet_ids.2": "subnet-0e793eb0b9abff34f",
            "vpc_config.0.vpc_id": "vpc-05099366d11596337"
          },
          "sensitive_attributes": []
        }
      ]
    },
    {
      "mode": "managed",
      "type": "aws_eks_node_group",
      "name": "tfer--dev_node",
      "provider": "provider[\"registry.terraform.io/-/aws\"]",
      "instances": [
        {
          "schema_version": 0,
          "attributes_flat": {
            "ami_type": "AL2_x86_64",
            "arn": "arn:aws:eks:ap-south-1:775422423362:nodegroup/dev/dev_node/20c71409-9e62-dc25-3e70-b2908ff8fdfd",
            "capacity_type": "ON_DEMAND",
            "cluster_name": "dev",
            "disk_size": "20",
            "id": "dev:dev_node",
            "instance_types.#": "1",
            "instance_types.0": "t2.micro",
            "labels.%": "0",
            "launch_template.#": "0",
            "node_group_name": "dev_node",
            "node_group_name_prefix": "",
            "node_role_arn": "arn:aws:iam::775422423362:role/AmazonEKSNodeRole",
            "release_version": "1.27.9-20240227",
            "remote_access.#": "0",
            "resources.#": "1",
            "resources.0.autoscaling_groups.#": "1",
            "resources.0.autoscaling_groups.0.name": "eks-dev_node-20c71409-9e62-dc25-3e70-b2908ff8fdfd",
            "resources.0.remote_access_security_group_id": "",
            "scaling_config.#": "1",
            "scaling_config.0.desired_size": "2",
            "scaling_config.0.max_size": "2",
            "scaling_config.0.min_size": "2",
            "status": "ACTIVE",
            "subnet_ids.#": "3",
            "subnet_ids.0": "subnet-03c47f7010c4fe732",
            "subnet_ids.1": "subnet-05b921d732bb43f0b",
            "subnet_ids.2": "subnet-0e793eb0b9abff34f",
            "tags.%": "2",
            "tags.Used_By": "All",
            "tags.Used_by": "Sharath Holla",
            "tags_all.%": "2",
            "tags_all.Used_By": "All",
            "tags_all.Used_by": "Sharath Holla",
            "taint.#": "0",
            "update_config.#": "1",
            "update_config.0.max_unavailable": "1",
            "update_config.0.max_unavailable_percentage": "0",
            "version": "1.27"
          },
          "sensitive_attributes": []
        }
      ]
    }
  ],
  "check_results": null
}
